# THIS IS AN AUTOGENERATED FILE. DO NOT EDIT THIS FILE DIRECTLY.
# yarn lockfile v1


ngx-filemanager-core@^0.0.1:
  version "0.0.1"
  resolved "https://registry.yarnpkg.com/ngx-filemanager-core/-/ngx-filemanager-core-0.0.1.tgz#a39f9bcaaf730174f6b79219a27c47caca7d8e39"
  integrity sha512-9x17G9DNLUPlnUpIAPihEZZtj02JWv7SrvamhbAsT05/9LLhdjghn0rMv9T2G5gv+U9ZQh13oX8Yfb/VVw5BFA==
